
Microsoft Visual Studio Solution File, Format Version 12.00
# Visual Studio Version 17
VisualStudioVersion = 17.0.31903.59
MinimumVisualStudioVersion = 10.0.40219.1
Project("{FAE04EC0-301F-11D3-BF4B-00C04F79EFBC}") = "InvoiceReminder.API", "InvoiceReminder.API\InvoiceReminder.API.csproj", "{B0021B47-3A21-4F7C-8EAA-B7A391693B49}"
EndProject
Project("{FAE04EC0-301F-11D3-BF4B-00C04F79EFBC}") = "InvoiceReminder.Tests", "InvoiceReminder.Tests\InvoiceReminder.Tests.csproj", "{7288544D-7E4F-4552-A781-157C7B80A241}"
EndProject
Global
	GlobalSection(SolutionConfigurationPlatforms) = preSolution
		Debug|Any CPU = Debug|Any CPU
		Release|Any CPU = Release|Any CPU
	EndGlobalSection
	GlobalSection(SolutionProperties) = preSolution
		HideSolutionNode = FALSE
	EndGlobalSection
	GlobalSection(ProjectConfigurationPlatforms) = postSolution
		{B0021B47-3A21-4F7C-8EAA-B7A391693B49}.Debug|Any CPU.ActiveCfg = Debug|Any CPU
		{B0021B47-3A21-4F7C-8EAA-B7A391693B49}.Debug|Any CPU.Build.0 = Debug|Any CPU
		{B0021B47-3A21-4F7C-8EAA-B7A391693B49}.Release|Any CPU.ActiveCfg = Release|Any CPU
		{B0021B47-3A21-4F7C-8EAA-B7A391693B49}.Release|Any CPU.Build.0 = Release|Any CPU
		{7288544D-7E4F-4552-A781-157C7B80A241}.Debug|Any CPU.ActiveCfg = Debug|Any CPU
		{7288544D-7E4F-4552-A781-157C7B80A241}.Debug|Any CPU.Build.0 = Debug|Any CPU
		{7288544D-7E4F-4552-A781-157C7B80A241}.Release|Any CPU.ActiveCfg = Release|Any CPU
		{7288544D-7E4F-4552-A781-157C7B80A241}.Release|Any CPU.Build.0 = Release|Any CPU
	EndGlobalSection
EndGlobal
